// !$*UTF8*$!
{
	archiveVersion = 1;
	classes = {
	};
	objectVersion = 50;
	objects = {

/* Begin PBXBuildFile section */
		4C406E812466712A0053FB0F /* AppDelegate.swift in Sources */ = {isa = PBXBuildFile; fileRef = 4C406E802466712A0053FB0F /* AppDelegate.swift */; };
		4C406E832466712A0053FB0F /* SceneDelegate.swift in Sources */ = {isa = PBXBuildFile; fileRef = 4C406E822466712A0053FB0F /* SceneDelegate.swift */; };
		4C406E852466712A0053FB0F /* ViewController.swift in Sources */ = {isa = PBXBuildFile; fileRef = 4C406E842466712A0053FB0F /* ViewController.swift */; };
		4C406E882466712A0053FB0F /* Main.storyboard in Resources */ = {isa = PBXBuildFile; fileRef = 4C406E862466712A0053FB0F /* Main.storyboard */; };
		4C406E8A2466712C0053FB0F /* Assets.xcassets in Resources */ = {isa = PBXBuildFile; fileRef = 4C406E892466712C0053FB0F /* Assets.xcassets */; };
		4C406E8D2466712C0053FB0F /* LaunchScreen.storyboard in Resources */ = {isa = PBXBuildFile; fileRef = 4C406E8B2466712C0053FB0F /* LaunchScreen.storyboard */; };
		4C406E95246671880053FB0F /* SignUpViewController.swift in Sources */ = {isa = PBXBuildFile; fileRef = 4C406E94246671880053FB0F /* SignUpViewController.swift */; };
		4C406E97246BCB260053FB0F /* MainViewController.swift in Sources */ = {isa = PBXBuildFile; fileRef = 4C406E96246BCB260053FB0F /* MainViewController.swift */; };
/* End PBXBuildFile section */

/* Begin PBXFileReference section */
		4C406E7D2466712A0053FB0F /* LoginWithAPI.app */ = {isa = PBXFileReference; explicitFileType = wrapper.application; includeInIndex = 0; path = LoginWithAPI.app; sourceTree = BUILT_PRODUCTS_DIR; };
		4C406E802466712A0053FB0F /* AppDelegate.swift */ = {isa = PBXFileReference; lastKnownFileType = sourcecode.swift; path = AppDelegate.swift; sourceTree = "<group>"; };
		4C406E822466712A0053FB0F /* SceneDelegate.swift */ = {isa = PBXFileReference; lastKnownFileType = sourcecode.swift; path = SceneDelegate.swift; sourceTree = "<group>"; };
		4C406E842466712A0053FB0F /* ViewController.swift */ = {isa = PBXFileReference; lastKnownFileType = sourcecode.swift; path = ViewController.swift; sourceTree = "<group>"; };
		4C406E872466712A0053FB0F /* Base */ = {isa = PBXFileReference; lastKnownFileType = file.storyboard; name = Base; path = Base.lproj/Main.storyboard; sourceTree = "<group>"; };
		4C406E892466712C0053FB0F /* Assets.xcassets */ = {isa = PBXFileReference; lastKnownFileType = folder.assetcatalog; path = Assets.xcassets; sourceTree = "<group>"; };
		4C406E8C2466712C0053FB0F /* Base */ = {isa = PBXFileReference; lastKnownFileType = file.storyboard; name = Base; path = Base.lproj/LaunchScreen.storyboard; sourceTree = "<group>"; };
		4C406E8E2466712C0053FB0F /* Info.plist */ = {isa = PBXFileReference; lastKnownFileType = text.plist.xml; path = Info.plist; sourceTree = "<group>"; };
		4C406E94246671880053FB0F /* SignUpViewController.swift */ = {isa = PBXFileReference; lastKnownFileType = sourcecode.swift; path = SignUpViewController.swift; sourceTree = "<group>"; };
		4C406E96246BCB260053FB0F /* MainViewController.swift */ = {isa = PBXFileReference; lastKnownFileType = sourcecode.swift; path = MainViewController.swift; sourceTree = "<group>"; };
/* End PBXFileReference section */

/* Begin PBXFrameworksBuildPhase section */
		4C406E7A2466712A0053FB0F /* Frameworks */ = {
			isa = PBXFrameworksBuildPhase;
			buildActionMask = 2147483647;
			files = (
			);
			runOnlyForDeploymentPostprocessing = 0;
		};
/* End PBXFrameworksBuildPhase section */

/* Begin PBXGroup section */
		4C406E742466712A0053FB0F = {
			isa = PBXGroup;
			children = (
				4C406E7F2466712A0053FB0F /* LoginWithAPI */,
				4C406E7E2466712A0053FB0F /* Products */,
			);
			sourceTree = "<group>";
		};
		4C406E7E2466712A0053FB0F /* Products */ = {
			isa = PBXGroup;
			children = (
				4C406E7D2466712A0053FB0F /* LoginWithAPI.app */,
			);
			name = Products;
			sourceTree = "<group>";
		};
		4C406E7F2466712A0053FB0F /* LoginWithAPI */ = {
			isa = PBXGroup;
			children = (
				4C406E802466712A0053FB0F /* AppDelegate.swift */,
				4C406E822466712A0053FB0F /* SceneDelegate.swift */,
				4C406E842466712A0053FB0F /* ViewController.swift */,
				4C406E94246671880053FB0F /* SignUpViewController.swift */,
				4C406E96246BCB260053FB0F /* MainViewController.swift */,
				4C406E862466712A0053FB0F /* Main.storyboard */,
				4C406E892466712C0053FB0F /* Assets.xcassets */,
				4C406E8B2466712C0053FB0F /* LaunchScreen.storyboard */,
				4C406E8E2466712C0053FB0F /* Info.plist */,
			);
			path = LoginWithAPI;
			sourceTree = "<group>";
		};
/* End PBXGroup section */

/* Begin PBXNativeTarget section */
		4C406E7C2466712A0053FB0F /* LoginWithAPI */ = {
			isa = PBXNativeTarget;
			buildConfigurationList = 4C406E912466712C0053FB0F /* Build configuration list for PBXNativeTarget "LoginWithAPI" */;
			buildPhases = (
				4C406E792466712A0053FB0F /* Sources */,
				4C406E7A2466712A0053FB0F /* Frameworks */,
				4C406E7B2466712A0053FB0F /* Resources */,
			);
			buildRules = (
			);
			dependencies = (
			);
			name = LoginWithAPI;
			productName = LoginWithAPI;
			productReference = 4C406E7D2466712A0053FB0F /* LoginWithAPI.app */;
			productType = "com.apple.product-type.application";
		};
/* End PBXNativeTarget section */

/* Begin PBXProject section */
		4C406E752466712A0053FB0F /* Project object */ = {
			isa = PBXProject;
			attributes = {
				LastSwiftUpdateCheck = 1140;
				LastUpgradeCheck = 1140;
				ORGANIZATIONNAME = "Thien Tung";
				TargetAttributes = {
					4C406E7C2466712A0053FB0F = {
						CreatedOnToolsVersion = 11.4.1;
					};
				};
			};
			buildConfigurationList = 4C406E782466712A0053FB0F /* Build configuration list for PBXProject "LoginWithAPI" */;
			compatibilityVersion = "Xcode 9.3";
			developmentRegion = en;
			hasScannedForEncodings = 0;
			knownRegions = (
				en,
				Base,
			);
			mainGroup = 4C406E742466712A0053FB0F;
			productRefGroup = 4C406E7E2466712A0053FB0F /* Products */;
			projectDirPath = "";
			projectRoot = "";
			targets = (
				4C406E7C2466712A0053FB0F /* LoginWithAPI */,
			);
		};
/* End PBXProject section */

/* Begin PBXResourcesBuildPhase section */
		4C406E7B2466712A0053FB0F /* Resources */ = {
			isa = PBXResourcesBuildPhase;
			buildActionMask = 2147483647;
			files = (
				4C406E8D2466712C0053FB0F /* LaunchScreen.storyboard in Resources */,
				4C406E8A2466712C0053FB0F /* Assets.xcassets in Resources */,
				4C406E882466712A0053FB0F /* Main.storyboard in Resources */,
			);
			runOnlyForDeploymentPostprocessing = 0;
		};
/* End PBXResourcesBuildPhase section */

/* Begin PBXSourcesBuildPhase section */
		4C406E792466712A0053FB0F /* Sources */ = {
			isa = PBXSourcesBuildPhase;
			buildActionMask = 2147483647;
			files = (
				4C406E852466712A0053FB0F /* ViewController.swift in Sources */,
				4C406E812466712A0053FB0F /* AppDelegate.swift in Sources */,
				4C406E95246671880053FB0F /* SignUpViewController.swift in Sources */,
				4C406E832466712A0053FB0F /* SceneDelegate.swift in Sources */,
				4C406E97246BCB260053FB0F /* MainViewController.swift in Sources */,
			);
			runOnlyForDeploymentPostprocessing = 0;
		};
/* End PBXSourcesBuildPhase section */

/* Begin PBXVariantGroup section */
		4C406E862466712A0053FB0F /* Main.storyboard */ = {
			isa = PBXVariantGroup;
			children = (
				4C406E872466712A0053FB0F /* Base */,
			);
			name = Main.storyboard;
			sourceTree = "<group>";
		};
		4C406E8B2466712C0053FB0F /* LaunchScreen.storyboard */ = {
			isa = PBXVariantGroup;
			children = (
				4C406E8C2466712C0053FB0F /* Base */,
			);
			name = LaunchScreen.storyboard;
			sourceTree = "<group>";
		};
/* End PBXVariantGroup section */

/* Begin XCBuildConfiguration section */
		4C406E8F2466712C0053FB0F /* Debug */ = {
			isa = XCBuildConfiguration;
			buildSettings = {
				ALWAYS_SEARCH_USER_PATHS = NO;
				CLANG_ANALYZER_NONNULL = YES;
				CLANG_ANALYZER_NUMBER_OBJECT_CONVERSION = YES_AGGRESSIVE;
				CLANG_CXX_LANGUAGE_STANDARD = "gnu++14";
				CLANG_CXX_LIBRARY = "libc++";
				CLANG_ENABLE_MODULES = YES;
				CLANG_ENABLE_OBJC_ARC = YES;
				CLANG_ENABLE_OBJC_WEAK = YES;
				CLANG_WARN_BLOCK_CAPTURE_AUTORELEASING = YES;
				CLANG_WARN_BOOL_CONVERSION = YES;
				CLANG_WARN_COMMA = YES;
				CLANG_WARN_CONSTANT_CONVERSION = YES;
				CLANG_WARN_DEPRECATED_OBJC_IMPLEMENTATIONS = YES;
				CLANG_WARN_DIRECT_OBJC_ISA_USAGE = YES_ERROR;
				CLANG_WARN_DOCUMENTATION_COMMENTS = YES;
				CLANG_WARN_EMPTY_BODY = YES;
				CLANG_WARN_ENUM_CONVERSION = YES;
				CLANG_WARN_INFINITE_RECURSION = YES;
				CLANG_WARN_INT_CONVERSION = YES;
				CLANG_WARN_NON_LITERAL_NULL_CONVERSION = YES;
				CLANG_WARN_OBJC_IMPLICIT_RETAIN_SELF = YES;
				CLANG_WARN_OBJC_LITERAL_CONVERSION = YES;
				CLANG_WARN_OBJC_ROOT_CLASS = YES_ERROR;
				CLANG_WARN_RANGE_LOOP_ANALYSIS = YES;
				CLANG_WARN_STRICT_PROTOTYPES = YES;
				CLANG_WARN_SUSPICIOUS_MOVE = YES;
				CLANG_WARN_UNGUARDED_AVAILABILITY = YES_AGGRESSIVE;
				CLANG_WARN_UNREACHABLE_CODE = YES;
				CLANG_WARN__DUPLICATE_METHOD_MATCH = YES;
				COPY_PHASE_STRIP = NO;
				DEBUG_INFORMATION_FORMAT = dwarf;
				ENABLE_STRICT_OBJC_MSGSEND = YES;
				ENABLE_TESTABILITY = YES;
				GCC_C_LANGUAGE_STANDARD = gnu11;
				GCC_DYNAMIC_NO_PIC = NO;
				GCC_NO_COMMON_BLOCKS = YES;
				GCC_OPTIMIZATION_LEVEL = 0;
				GCC_PREPROCESSOR_DEFINITIONS = (
					"DEBUG=1",
					"$(inherited)",
				);
				GCC_WARN_64_TO_32_BIT_CONVERSION = YES;
				GCC_WARN_ABOUT_RETURN_TYPE = YES_ERROR;
				GCC_WARN_UNDECLARED_SELECTOR = YES;
				GCC_WARN_UNINITIALIZED_AUTOS = YES_AGGRESSIVE;
				GCC_WARN_UNUSED_FUNCTION = YES;
				GCC_WARN_UNUSED_VARIABLE = YES;
				IPHONEOS_DEPLOYMENT_TARGET = 13.4;
				MTL_ENABLE_DEBUG_INFO = INCLUDE_SOURCE;
				MTL_FAST_MATH = YES;
				ONLY_ACTIVE_ARCH = YES;
				SDKROOT = iphoneos;
				SWIFT_ACTIVE_COMPILATION_CONDITIONS = DEBUG;
				SWIFT_OPTIMIZATION_LEVEL = "-Onone";
			};
			name = Debug;
		};
		4C406E902466712C0053FB0F /* Release */ = {
			isa = XCBuildConfiguration;
			buildSettings = {
				ALWAYS_SEARCH_USER_PATHS = NO;
				CLANG_ANALYZER_NONNULL = YES;
				CLANG_ANALYZER_NUMBER_OBJECT_CONVERSION = YES_AGGRESSIVE;
				CLANG_CXX_LANGUAGE_STANDARD = "gnu++14";
				CLANG_CXX_LIBRARY = "libc++";
				CLANG_ENABLE_MODULES = YES;
				CLANG_ENABLE_OBJC_ARC = YES;
				CLANG_ENABLE_OBJC_WEAK = YES;
				CLANG_WARN_BLOCK_CAPTURE_AUTORELEASING = YES;
				CLANG_WARN_BOOL_CONVERSION = YES;
				CLANG_WARN_COMMA = YES;
				CLANG_WARN_CONSTANT_CONVERSION = YES;
				CLANG_WARN_DEPRECATED_OBJC_IMPLEMENTATIONS = YES;
				CLANG_WARN_DIRECT_OBJC_ISA_USAGE = YES_ERROR;
				CLANG_WARN_DOCUMENTATION_COMMENTS = YES;
				CLANG_WARN_EMPTY_BODY = YES;
				CLANG_WARN_ENUM_CONVERSION = YES;
				CLANG_WARN_INFINITE_RECURSION = YES;
				CLANG_WARN_INT_CONVERSION = YES;
				CLANG_WARN_NON_LITERAL_NULL_CONVERSION = YES;
				CLANG_WARN_OBJC_IMPLICIT_RETAIN_SELF = YES;
				CLANG_WARN_OBJC_LITERAL_CONVERSION = YES;
				CLANG_WARN_OBJC_ROOT_CLASS = YES_ERROR;
				CLANG_WARN_RANGE_LOOP_ANALYSIS = YES;
				CLANG_WARN_STRICT_PROTOTYPES = YES;
				CLANG_WARN_SUSPICIOUS_MOVE = YES;
				CLANG_WARN_UNGUARDED_AVAILABILITY = YES_AGGRESSIVE;
				CLANG_WARN_UNREACHABLE_CODE = YES;
				CLANG_WARN__DUPLICATE_METHOD_MATCH = YES;
				COPY_PHASE_STRIP = NO;
				DEBUG_INFORMATION_FORMAT = "dwarf-with-dsym";
				ENABLE_NS_ASSERTIONS = NO;
				ENABLE_STRICT_OBJC_MSGSEND = YES;
				GCC_C_LANGUAGE_STANDARD = gnu11;
				GCC_NO_COMMON_BLOCKS = YES;
				GCC_WARN_64_TO_32_BIT_CONVERSION = YES;
				GCC_WARN_ABOUT_RETURN_TYPE = YES_ERROR;
				GCC_WARN_UNDECLARED_SELECTOR = YES;
				GCC_WARN_UNINITIALIZED_AUTOS = YES_AGGRESSIVE;
				GCC_WARN_UNUSED_FUNCTION = YES;
				GCC_WARN_UNUSED_VARIABLE = YES;
				IPHONEOS_DEPLOYMENT_TARGET = 13.4;
				MTL_ENABLE_DEBUG_INFO = NO;
				MTL_FAST_MATH = YES;
				SDKROOT = iphoneos;
				SWIFT_COMPILATION_MODE = wholemodule;
				SWIFT_OPTIMIZATION_LEVEL = "-O";
				VALIDATE_PRODUCT = YES;
			};
			name = Release;
		};
		4C406E922466712C0053FB0F /* Debug */ = {
			isa = XCBuildConfiguration;
			buildSettings = {
				ASSETCATALOG_COMPILER_APPICON_NAME = AppIcon;
				CODE_SIGN_STYLE = Automatic;
				DEVELOPMENT_TEAM = JDU7YZQ322;
				INFOPLIST_FILE = LoginWithAPI/Info.plist;
				LD_RUNPATH_SEARCH_PATHS = (
					"$(inherited)",
					"@executable_path/Frameworks",
				);
				PRODUCT_BUNDLE_IDENTIFIER = thientung.LoginWithAPI;
				PRODUCT_NAME = "$(TARGET_NAME)";
				SWIFT_VERSION = 5.0;
				TARGETED_DEVICE_FAMILY = "1,2";
			};
			name = Debug;
		};
		4C406E932466712C0053FB0F /* Release */ = {
			isa = XCBuildConfiguration;
			buildSettings = {
				ASSETCATALOG_COMPILER_APPICON_NAME = AppIcon;
				CODE_SIGN_STYLE = Automatic;
				DEVELOPMENT_TEAM = JDU7YZQ322;
				INFOPLIST_FILE = LoginWithAPI/Info.plist;
				LD_RUNPATH_SEARCH_PATHS = (
					"$(inherited)",
					"@executable_path/Frameworks",
				);
				PRODUCT_BUNDLE_IDENTIFIER = thientung.LoginWithAPI;
				PRODUCT_NAME = "$(TARGET_NAME)";
				SWIFT_VERSION = 5.0;
				TARGETED_DEVICE_FAMILY = "1,2";
			};
			name = Release;
		};
/* End XCBuildConfiguration section */

/* Begin XCConfigurationList section */
		4C406E782466712A0053FB0F /* Build configuration list for PBXProject "LoginWithAPI" */ = {
			isa = XCConfigurationList;
			buildConfigurations = (
				4C406E8F2466712C0053FB0F /* Debug */,
				4C406E902466712C0053FB0F /* Release */,
			);
			defaultConfigurationIsVisible = 0;
			defaultConfigurationName = Release;
		};
		4C406E912466712C0053FB0F /* Build configuration list for PBXNativeTarget "LoginWithAPI" */ = {
			isa = XCConfigurationList;
			buildConfigurations = (
				4C406E922466712C0053FB0F /* Debug */,
				4C406E932466712C0053FB0F /* Release */,
			);
			defaultConfigurationIsVisible = 0;
			defaultConfigurationName = Release;
		};
/* End XCConfigurationList section */
	};
	rootObject = 4C406E752466712A0053FB0F /* Project object */;
}
